
Microsoft Visual Studio Solution File, Format Version 12.00
# Visual Studio Version 16
VisualStudioVersion = 16.0.31129.286
MinimumVisualStudioVersion = 10.0.40219.1
Project("{FAE04EC0-301F-11D3-BF4B-00C04F79EFBC}") = "odev_soru_3", "odev_soru_3\odev_soru_3.csproj", "{363B5452-D203-4840-8101-B63C6E5A16A8}"
EndProject
Global
	GlobalSection(SolutionConfigurationPlatforms) = preSolution
		Debug|Any CPU = Debug|Any CPU
		Release|Any CPU = Release|Any CPU
	EndGlobalSection
	GlobalSection(ProjectConfigurationPlatforms) = postSolution
		{363B5452-D203-4840-8101-B63C6E5A16A8}.Debug|Any CPU.ActiveCfg = Debug|Any CPU
		{363B5452-D203-4840-8101-B63C6E5A16A8}.Debug|Any CPU.Build.0 = Debug|Any CPU
		{363B5452-D203-4840-8101-B63C6E5A16A8}.Release|Any CPU.ActiveCfg = Release|Any CPU
		{363B5452-D203-4840-8101-B63C6E5A16A8}.Release|Any CPU.Build.0 = Release|Any CPU
	EndGlobalSection
	GlobalSection(SolutionProperties) = preSolution
		HideSolutionNode = FALSE
	EndGlobalSection
	GlobalSection(ExtensibilityGlobals) = postSolution
		SolutionGuid = {7B76F7E1-43D2-4526-A4A3-CE93C1154C3B}
	EndGlobalSection
EndGlobal
